
Microsoft Visual Studio Solution File, Format Version 11.00
# Visual Studio 2010
Project("{FAE04EC0-301F-11D3-BF4B-00C04F79EFBC}") = "Assembly-CSharp", "Assembly-CSharp.csproj", "{22cbe2ec-bfef-9f9b-23ae-f71a51ec9d73}"
EndProject
Project("{FAE04EC0-301F-11D3-BF4B-00C04F79EFBC}") = "Assembly-CSharp-Editor", "Assembly-CSharp-Editor.csproj", "{d2143a1e-7bad-bc7a-2884-086c96319521}"
EndProject
Global
	GlobalSection(SolutionConfigurationPlatforms) = preSolution
		Debug|Any CPU = Debug|Any CPU
		Release|Any CPU = Release|Any CPU
	EndGlobalSection
	GlobalSection(ProjectConfigurationPlatforms) = postSolution
		{22cbe2ec-bfef-9f9b-23ae-f71a51ec9d73}.Debug|Any CPU.ActiveCfg = Debug|Any CPU
		{22cbe2ec-bfef-9f9b-23ae-f71a51ec9d73}.Debug|Any CPU.Build.0 = Debug|Any CPU
		{22cbe2ec-bfef-9f9b-23ae-f71a51ec9d73}.Release|Any CPU.ActiveCfg = Release|Any CPU
		{22cbe2ec-bfef-9f9b-23ae-f71a51ec9d73}.Release|Any CPU.Build.0 = Release|Any CPU
		{d2143a1e-7bad-bc7a-2884-086c96319521}.Debug|Any CPU.ActiveCfg = Debug|Any CPU
		{d2143a1e-7bad-bc7a-2884-086c96319521}.Debug|Any CPU.Build.0 = Debug|Any CPU
		{d2143a1e-7bad-bc7a-2884-086c96319521}.Release|Any CPU.ActiveCfg = Release|Any CPU
		{d2143a1e-7bad-bc7a-2884-086c96319521}.Release|Any CPU.Build.0 = Release|Any CPU
	EndGlobalSection
	GlobalSection(SolutionProperties) = preSolution
		HideSolutionNode = FALSE
	EndGlobalSection
EndGlobal
